
Microsoft Visual Studio Solution File, Format Version 12.00
# Visual Studio Version 17
VisualStudioVersion = 17.0.31903.59
MinimumVisualStudioVersion = 10.0.40219.1
Project("{FAE04EC0-301F-11D3-BF4B-00C04F79EFBC}") = "MusicApp.Domain", "MusicApp.Domain\MusicApp.Domain.csproj", "{4FC9E6C4-8264-401B-A583-C1CA78DDF65A}"
EndProject
Project("{FAE04EC0-301F-11D3-BF4B-00C04F79EFBC}") = "MusicApp.Application", "MusicApp.Application\MusicApp.Application.csproj", "{9CC8718C-122D-491E-B5E2-61BC4137D1C9}"
EndProject
Project("{FAE04EC0-301F-11D3-BF4B-00C04F79EFBC}") = "MusicApp.Infrastructure", "MusicApp.Infrastructure\MusicApp.Infrastructure.csproj", "{51A07DEB-3AEB-47CB-B782-B60BA6B36BD7}"
EndProject
Project("{FAE04EC0-301F-11D3-BF4B-00C04F79EFBC}") = "MusicApp.UI", "MusicApp.UI\MusicApp.UI.csproj", "{0F41DC4F-6A43-436C-8BFE-F1BCBFBFB15E}"
EndProject
Global
	GlobalSection(SolutionConfigurationPlatforms) = preSolution
		Debug|Any CPU = Debug|Any CPU
		Debug|x64 = Debug|x64
		Debug|x86 = Debug|x86
		Release|Any CPU = Release|Any CPU
		Release|x64 = Release|x64
		Release|x86 = Release|x86
	EndGlobalSection
	GlobalSection(ProjectConfigurationPlatforms) = postSolution
		{4FC9E6C4-8264-401B-A583-C1CA78DDF65A}.Debug|Any CPU.ActiveCfg = Debug|Any CPU
		{4FC9E6C4-8264-401B-A583-C1CA78DDF65A}.Debug|Any CPU.Build.0 = Debug|Any CPU
		{4FC9E6C4-8264-401B-A583-C1CA78DDF65A}.Debug|x64.ActiveCfg = Debug|Any CPU
		{4FC9E6C4-8264-401B-A583-C1CA78DDF65A}.Debug|x64.Build.0 = Debug|Any CPU
		{4FC9E6C4-8264-401B-A583-C1CA78DDF65A}.Debug|x86.ActiveCfg = Debug|Any CPU
		{4FC9E6C4-8264-401B-A583-C1CA78DDF65A}.Debug|x86.Build.0 = Debug|Any CPU
		{4FC9E6C4-8264-401B-A583-C1CA78DDF65A}.Release|Any CPU.ActiveCfg = Release|Any CPU
		{4FC9E6C4-8264-401B-A583-C1CA78DDF65A}.Release|Any CPU.Build.0 = Release|Any CPU
		{4FC9E6C4-8264-401B-A583-C1CA78DDF65A}.Release|x64.ActiveCfg = Release|Any CPU
		{4FC9E6C4-8264-401B-A583-C1CA78DDF65A}.Release|x64.Build.0 = Release|Any CPU
		{4FC9E6C4-8264-401B-A583-C1CA78DDF65A}.Release|x86.ActiveCfg = Release|Any CPU
		{4FC9E6C4-8264-401B-A583-C1CA78DDF65A}.Release|x86.Build.0 = Release|Any CPU
		{9CC8718C-122D-491E-B5E2-61BC4137D1C9}.Debug|Any CPU.ActiveCfg = Debug|Any CPU
		{9CC8718C-122D-491E-B5E2-61BC4137D1C9}.Debug|Any CPU.Build.0 = Debug|Any CPU
		{9CC8718C-122D-491E-B5E2-61BC4137D1C9}.Debug|x64.ActiveCfg = Debug|Any CPU
		{9CC8718C-122D-491E-B5E2-61BC4137D1C9}.Debug|x64.Build.0 = Debug|Any CPU
		{9CC8718C-122D-491E-B5E2-61BC4137D1C9}.Debug|x86.ActiveCfg = Debug|Any CPU
		{9CC8718C-122D-491E-B5E2-61BC4137D1C9}.Debug|x86.Build.0 = Debug|Any CPU
		{9CC8718C-122D-491E-B5E2-61BC4137D1C9}.Release|Any CPU.ActiveCfg = Release|Any CPU
		{9CC8718C-122D-491E-B5E2-61BC4137D1C9}.Release|Any CPU.Build.0 = Release|Any CPU
		{9CC8718C-122D-491E-B5E2-61BC4137D1C9}.Release|x64.ActiveCfg = Release|Any CPU
		{9CC8718C-122D-491E-B5E2-61BC4137D1C9}.Release|x64.Build.0 = Release|Any CPU
		{9CC8718C-122D-491E-B5E2-61BC4137D1C9}.Release|x86.ActiveCfg = Release|Any CPU
		{9CC8718C-122D-491E-B5E2-61BC4137D1C9}.Release|x86.Build.0 = Release|Any CPU
		{51A07DEB-3AEB-47CB-B782-B60BA6B36BD7}.Debug|Any CPU.ActiveCfg = Debug|Any CPU
		{51A07DEB-3AEB-47CB-B782-B60BA6B36BD7}.Debug|Any CPU.Build.0 = Debug|Any CPU
		{51A07DEB-3AEB-47CB-B782-B60BA6B36BD7}.Debug|x64.ActiveCfg = Debug|Any CPU
		{51A07DEB-3AEB-47CB-B782-B60BA6B36BD7}.Debug|x64.Build.0 = Debug|Any CPU
		{51A07DEB-3AEB-47CB-B782-B60BA6B36BD7}.Debug|x86.ActiveCfg = Debug|Any CPU
		{51A07DEB-3AEB-47CB-B782-B60BA6B36BD7}.Debug|x86.Build.0 = Debug|Any CPU
		{51A07DEB-3AEB-47CB-B782-B60BA6B36BD7}.Release|Any CPU.ActiveCfg = Release|Any CPU
		{51A07DEB-3AEB-47CB-B782-B60BA6B36BD7}.Release|Any CPU.Build.0 = Release|Any CPU
		{51A07DEB-3AEB-47CB-B782-B60BA6B36BD7}.Release|x64.ActiveCfg = Release|Any CPU
		{51A07DEB-3AEB-47CB-B782-B60BA6B36BD7}.Release|x64.Build.0 = Release|Any CPU
		{51A07DEB-3AEB-47CB-B782-B60BA6B36BD7}.Release|x86.ActiveCfg = Release|Any CPU
		{51A07DEB-3AEB-47CB-B782-B60BA6B36BD7}.Release|x86.Build.0 = Release|Any CPU
		{0F41DC4F-6A43-436C-8BFE-F1BCBFBFB15E}.Debug|Any CPU.ActiveCfg = Debug|Any CPU
		{0F41DC4F-6A43-436C-8BFE-F1BCBFBFB15E}.Debug|Any CPU.Build.0 = Debug|Any CPU
		{0F41DC4F-6A43-436C-8BFE-F1BCBFBFB15E}.Debug|x64.ActiveCfg = Debug|Any CPU
		{0F41DC4F-6A43-436C-8BFE-F1BCBFBFB15E}.Debug|x64.Build.0 = Debug|Any CPU
		{0F41DC4F-6A43-436C-8BFE-F1BCBFBFB15E}.Debug|x86.ActiveCfg = Debug|Any CPU
		{0F41DC4F-6A43-436C-8BFE-F1BCBFBFB15E}.Debug|x86.Build.0 = Debug|Any CPU
		{0F41DC4F-6A43-436C-8BFE-F1BCBFBFB15E}.Release|Any CPU.ActiveCfg = Release|Any CPU
		{0F41DC4F-6A43-436C-8BFE-F1BCBFBFB15E}.Release|Any CPU.Build.0 = Release|Any CPU
		{0F41DC4F-6A43-436C-8BFE-F1BCBFBFB15E}.Release|x64.ActiveCfg = Release|Any CPU
		{0F41DC4F-6A43-436C-8BFE-F1BCBFBFB15E}.Release|x64.Build.0 = Release|Any CPU
		{0F41DC4F-6A43-436C-8BFE-F1BCBFBFB15E}.Release|x86.ActiveCfg = Release|Any CPU
		{0F41DC4F-6A43-436C-8BFE-F1BCBFBFB15E}.Release|x86.Build.0 = Release|Any CPU
	EndGlobalSection
	GlobalSection(SolutionProperties) = preSolution
		HideSolutionNode = FALSE
	EndGlobalSection
EndGlobal
